<?xml version="1.0" encoding="utf-8"?>
<Project ToolsVersion="4.0" xmlns="http://schemas.microsoft.com/developer/msbuild/2003">
  <ItemGroup>
    <Filter Include="src">
      <UniqueIdentifier>{CE2D2C27-E44B-4983-9D1F-02321B291B8B}</UniqueIdentifier>
    </Filter>
    <Filter Include="src\platform">
      <UniqueIdentifier>{C249FB72-069F-4A45-B151-6B2C1BA83C12}</UniqueIdentifier>
    </Filter>
    <Filter Include="generated" />
    <Filter Include="tools" />
  </ItemGroup>
  <ItemGroup>
    <ClCompile Include="src\platform\platform.sdl.c" />
    <ClCompile Include="src\main.c" />
    <ClCompile Include="src\platform\lib.c" />
    <ClCompile Include="src\entity\entity.c" />
    <ClCompile Include="src\physics\physics.c" />
    <ClCompile Include="src\graphics\graphics.c" />
    <ClCompile Include="src\platform\renderer.c" />
    <ClCompile Include="src\core\vector.c" />
    <ClCompile Include="src\platform\platform.win.c" />
    <ClCompile Include="src\platform\platform.min.c" />
    <ClCompile Include="src\platform\platform.gl.c" />
    <ClCompile Include="src\entity\ship.c" />
    <ClCompile Include="src\messaging\messaging.c" />
    <ClCompile Include="src\entity\controller.c" />
    <ClCompile Include="src\platform\math.c" />
    <ClCompile Include="src\entity\factory.c" />
    <ClCompile Include="generated\models.gen.c" />
  </ItemGroup>
  <ItemGroup>
    <ClInclude Include="src\platform\platform.h" />
    <ClInclude Include="src\entity\entity.h" />
    <ClInclude Include="src\core\core.h" />
    <ClInclude Include="src\physics\physics.h" />
    <ClInclude Include="src\graphics\graphics.h" />
    <ClInclude Include="generated\renderer.gen.h" />
    <ClInclude Include="src\entity\ship.h" />
    <ClInclude Include="src\entity\entity_internal.h" />
    <ClInclude Include="src\messaging\messaging.h" />
    <ClInclude Include="src\entity\controller.h" />
    <ClInclude Include="src\entity\types.h" />
    <ClInclude Include="src\platform\math.h" />
    <ClInclude Include="generated\slots.gen.h" />
  </ItemGroup>
</Project>